// !$*UTF8*$!
{
	archiveVersion = 1;
	classes = {
	};
	objectVersion = 46;
	objects = {

/* Begin PBXBuildFile section */
		18EB634C1ACC70F200EF1C28 /* Localizable.strings in Resources */ = {isa = PBXBuildFile; fileRef = 18EB634B1ACC70F200EF1C28 /* Localizable.strings */; };
		8F467BCD1D18AC3F00682E4C /* SampleAppRenderer.mm in Sources */ = {isa = PBXBuildFile; fileRef = 8F467BCC1D18AC3F00682E4C /* SampleAppRenderer.mm */; };
		D21B07EC1A1B4AA20041ECF3 /* main.m in Sources */ = {isa = PBXBuildFile; fileRef = D21B07EB1A1B4AA20041ECF3 /* main.m */; };
		D21B07EF1A1B4AA20041ECF3 /* VuforiaSamplesAppDelegate.m in Sources */ = {isa = PBXBuildFile; fileRef = D21B07EE1A1B4AA20041ECF3 /* VuforiaSamplesAppDelegate.m */; };
		D21B07F71A1B4AA20041ECF3 /* Images.xcassets in Resources */ = {isa = PBXBuildFile; fileRef = D21B07F61A1B4AA20041ECF3 /* Images.xcassets */; };
		D21B08711A1B6AD60041ECF3 /* AVFoundation.framework in Frameworks */ = {isa = PBXBuildFile; fileRef = D21B08691A1B6AD60041ECF3 /* AVFoundation.framework */; };
		D21B08721A1B6AD60041ECF3 /* CoreFoundation.framework in Frameworks */ = {isa = PBXBuildFile; fileRef = D21B086A1A1B6AD60041ECF3 /* CoreFoundation.framework */; };
		D21B08731A1B6AD60041ECF3 /* CoreGraphics.framework in Frameworks */ = {isa = PBXBuildFile; fileRef = D21B086B1A1B6AD60041ECF3 /* CoreGraphics.framework */; };
		D21B08741A1B6AD60041ECF3 /* OpenGLES.framework in Frameworks */ = {isa = PBXBuildFile; fileRef = D21B086C1A1B6AD60041ECF3 /* OpenGLES.framework */; };
		D21B08751A1B6AD60041ECF3 /* QuartzCore.framework in Frameworks */ = {isa = PBXBuildFile; fileRef = D21B086D1A1B6AD60041ECF3 /* QuartzCore.framework */; };
		D21B08761A1B6AD60041ECF3 /* Security.framework in Frameworks */ = {isa = PBXBuildFile; fileRef = D21B086E1A1B6AD60041ECF3 /* Security.framework */; };
		D21B08771A1B6AD60041ECF3 /* SystemConfiguration.framework in Frameworks */ = {isa = PBXBuildFile; fileRef = D21B086F1A1B6AD60041ECF3 /* SystemConfiguration.framework */; };
		D21B08781A1B6AD60041ECF3 /* UIKit.framework in Frameworks */ = {isa = PBXBuildFile; fileRef = D21B08701A1B6AD60041ECF3 /* UIKit.framework */; };
		D21B087E1A1B6E1E0041ECF3 /* CoreMotion.framework in Frameworks */ = {isa = PBXBuildFile; fileRef = D21B087C1A1B6E1E0041ECF3 /* CoreMotion.framework */; };
		D21B087F1A1B6E1E0041ECF3 /* Foundation.framework in Frameworks */ = {isa = PBXBuildFile; fileRef = D21B087D1A1B6E1E0041ECF3 /* Foundation.framework */; };
		D21B08811A1B71190041ECF3 /* CoreMedia.framework in Frameworks */ = {isa = PBXBuildFile; fileRef = D21B08801A1B71190041ECF3 /* CoreMedia.framework */; };
		D28C51241A8B5B8C000B6C9A /* MediaPlayer.framework in Frameworks */ = {isa = PBXBuildFile; fileRef = D28C51231A8B5B8C000B6C9A /* MediaPlayer.framework */; };
		D28C51261A8B5BC9000B6C9A /* AudioToolbox.framework in Frameworks */ = {isa = PBXBuildFile; fileRef = D28C51251A8B5BC9000B6C9A /* AudioToolbox.framework */; };
		EF6862D11DCFE336003F5488 /* ARTouchableView.m in Sources */ = {isa = PBXBuildFile; fileRef = EF6862D01DCFE335003F5488 /* ARTouchableView.m */; };
		EF83B5C31DE0CC02002C14AE /* monkey.obj in Resources */ = {isa = PBXBuildFile; fileRef = EF83B5C21DE0CC02002C14AE /* monkey.obj */; };
		EF83B5C71DE0CC70002C14AE /* modelUtil.mm in Sources */ = {isa = PBXBuildFile; fileRef = EF83B5C51DE0CC70002C14AE /* modelUtil.mm */; };
		EF83B5CB1DE0D74F002C14AE /* queen-t.obj in Resources */ = {isa = PBXBuildFile; fileRef = EF83B5CA1DE0D74F002C14AE /* queen-t.obj */; };
		EF9808951DDE0B680088FE4E /* libVuforia.a in Frameworks */ = {isa = PBXBuildFile; fileRef = D21B08791A1B6AEA0041ECF3 /* libVuforia.a */; };
		EF9808981DDEC1FC0088FE4E /* ARInputHandler.mm in Sources */ = {isa = PBXBuildFile; fileRef = EF9808971DDEC1FC0088FE4E /* ARInputHandler.mm */; };
		EF98089B1DDEC6F80088FE4E /* Point3D.m in Sources */ = {isa = PBXBuildFile; fileRef = EF98089A1DDEC6F80088FE4E /* Point3D.m */; };
		EF9808BF1DE09DD80088FE4E /* PresentMenuSegue.m in Sources */ = {isa = PBXBuildFile; fileRef = EF9808AD1DE09DD80088FE4E /* PresentMenuSegue.m */; };
		EF9808C01DE09DD80088FE4E /* SampleApplication3DModel.m in Sources */ = {isa = PBXBuildFile; fileRef = EF9808B01DE09DD80088FE4E /* SampleApplication3DModel.m */; };
		EF9808C11DE09DD80088FE4E /* SampleApplicationSession.mm in Sources */ = {isa = PBXBuildFile; fileRef = EF9808B21DE09DD80088FE4E /* SampleApplicationSession.mm */; };
		EF9808C21DE09DD80088FE4E /* SampleApplicationShaderUtils.m in Sources */ = {isa = PBXBuildFile; fileRef = EF9808B41DE09DD80088FE4E /* SampleApplicationShaderUtils.m */; };
		EF9808C31DE09DD80088FE4E /* SampleApplicationUtils.cpp in Sources */ = {isa = PBXBuildFile; fileRef = EF9808B51DE09DD80088FE4E /* SampleApplicationUtils.cpp */; };
		EF9808C41DE09DD80088FE4E /* SampleAppMenuViewController.mm in Sources */ = {isa = PBXBuildFile; fileRef = EF9808B81DE09DD80088FE4E /* SampleAppMenuViewController.mm */; };
		EF9808C51DE09DD80088FE4E /* Texture.mm in Sources */ = {isa = PBXBuildFile; fileRef = EF9808BC1DE09DD80088FE4E /* Texture.mm */; };
		EF9808C61DE09DD80088FE4E /* UnwindMenuSegue.m in Sources */ = {isa = PBXBuildFile; fileRef = EF9808BE1DE09DD80088FE4E /* UnwindMenuSegue.m */; };
		EF9808CE1DE09DE30088FE4E /* Background.fragsh in Resources */ = {isa = PBXBuildFile; fileRef = EF9808C71DE09DE30088FE4E /* Background.fragsh */; };
		EF9808CF1DE09DE30088FE4E /* Background.vertsh in Resources */ = {isa = PBXBuildFile; fileRef = EF9808C81DE09DE30088FE4E /* Background.vertsh */; };
		EF9808D01DE09DE30088FE4E /* Line.fragsh in Resources */ = {isa = PBXBuildFile; fileRef = EF9808C91DE09DE30088FE4E /* Line.fragsh */; };
		EF9808D11DE09DE30088FE4E /* Line.vertsh in Resources */ = {isa = PBXBuildFile; fileRef = EF9808CA1DE09DE30088FE4E /* Line.vertsh */; };
		EF9808D21DE09DE30088FE4E /* Simple.fragsh in Resources */ = {isa = PBXBuildFile; fileRef = EF9808CB1DE09DE30088FE4E /* Simple.fragsh */; };
		EF9808D31DE09DE30088FE4E /* Simple.vertsh in Resources */ = {isa = PBXBuildFile; fileRef = EF9808CC1DE09DE30088FE4E /* Simple.vertsh */; };
		EF9808D41DE09DE30088FE4E /* SimpleWithColor.fragsh in Resources */ = {isa = PBXBuildFile; fileRef = EF9808CD1DE09DE30088FE4E /* SimpleWithColor.fragsh */; };
		FB7A431E1A8E376B0068CF5E /* building_texture.jpeg in Resources */ = {isa = PBXBuildFile; fileRef = FB7A42E71A8E376B0068CF5E /* building_texture.jpeg */; };
		FB7A431F1A8E376B0068CF5E /* buildings.txt in Resources */ = {isa = PBXBuildFile; fileRef = FB7A42E81A8E376B0068CF5E /* buildings.txt */; };
		FB7A432B1A8E376B0068CF5E /* IT_about.html in Resources */ = {isa = PBXBuildFile; fileRef = FB7A42F81A8E376B0068CF5E /* IT_about.html */; };
		FB7A432C1A8E376B0068CF5E /* StonesAndChips.dat in Resources */ = {isa = PBXBuildFile; fileRef = FB7A42F91A8E376B0068CF5E /* StonesAndChips.dat */; };
		FB7A432D1A8E376B0068CF5E /* StonesAndChips.xml in Resources */ = {isa = PBXBuildFile; fileRef = FB7A42FA1A8E376B0068CF5E /* StonesAndChips.xml */; };
		FB7A432E1A8E376B0068CF5E /* Tarmac.dat in Resources */ = {isa = PBXBuildFile; fileRef = FB7A42FB1A8E376B0068CF5E /* Tarmac.dat */; };
		FB7A432F1A8E376B0068CF5E /* Tarmac.xml in Resources */ = {isa = PBXBuildFile; fileRef = FB7A42FC1A8E376B0068CF5E /* Tarmac.xml */; };
		FB7A43391A8E376B0068CF5E /* TextureTeapotBlue.png in Resources */ = {isa = PBXBuildFile; fileRef = FB7A43091A8E376B0068CF5E /* TextureTeapotBlue.png */; };
		FB7A433A1A8E376B0068CF5E /* TextureTeapotBrass.png in Resources */ = {isa = PBXBuildFile; fileRef = FB7A430A1A8E376B0068CF5E /* TextureTeapotBrass.png */; };
		FB7A433B1A8E376B0068CF5E /* TextureTeapotGreen.png in Resources */ = {isa = PBXBuildFile; fileRef = FB7A430B1A8E376B0068CF5E /* TextureTeapotGreen.png */; };
		FB7A433C1A8E376B0068CF5E /* TextureTeapotRed.png in Resources */ = {isa = PBXBuildFile; fileRef = FB7A430C1A8E376B0068CF5E /* TextureTeapotRed.png */; };
		FB7A433D1A8E376B0068CF5E /* TextureTeapotYellow.png in Resources */ = {isa = PBXBuildFile; fileRef = FB7A430D1A8E376B0068CF5E /* TextureTeapotYellow.png */; };
		FB7A43501A8E38AB0068CF5E /* ImageTargetsEAGLView.mm in Sources */ = {isa = PBXBuildFile; fileRef = FB7A434D1A8E38AB0068CF5E /* ImageTargetsEAGLView.mm */; };
		FB7A43511A8E38AB0068CF5E /* ImageTargetsViewController.mm in Sources */ = {isa = PBXBuildFile; fileRef = FB7A434F1A8E38AB0068CF5E /* ImageTargetsViewController.mm */; };
		FB7A43531A8E41840068CF5E /* IT.png in Resources */ = {isa = PBXBuildFile; fileRef = FB7A43521A8E41840068CF5E /* IT.png */; };
		FBEFAEC81A8283F8002B4D62 /* Main.storyboard in Resources */ = {isa = PBXBuildFile; fileRef = FBEFAEC61A8283F8002B4D62 /* Main.storyboard */; };
/* End PBXBuildFile section */

/* Begin PBXFileReference section */
		18EB634B1ACC70F200EF1C28 /* Localizable.strings */ = {isa = PBXFileReference; fileEncoding = 4; lastKnownFileType = text.plist.strings; path = Localizable.strings; sourceTree = "<group>"; };
		8F467BCB1D18AC3F00682E4C /* SampleAppRenderer.h */ = {isa = PBXFileReference; fileEncoding = 4; lastKnownFileType = sourcecode.c.h; name = SampleAppRenderer.h; path = Classes/Features/ImageTargets/SampleAppRenderer.h; sourceTree = "<group>"; };
		8F467BCC1D18AC3F00682E4C /* SampleAppRenderer.mm */ = {isa = PBXFileReference; fileEncoding = 4; lastKnownFileType = sourcecode.cpp.objcpp; name = SampleAppRenderer.mm; path = Classes/Features/ImageTargets/SampleAppRenderer.mm; sourceTree = "<group>"; };
		D21B07E61A1B4AA20041ECF3 /* Vuforia.app */ = {isa = PBXFileReference; explicitFileType = wrapper.application; includeInIndex = 0; path = Vuforia.app; sourceTree = BUILT_PRODUCTS_DIR; };
		D21B07EB1A1B4AA20041ECF3 /* main.m */ = {isa = PBXFileReference; lastKnownFileType = sourcecode.c.objc; path = main.m; sourceTree = "<group>"; };
		D21B07ED1A1B4AA20041ECF3 /* VuforiaSamplesAppDelegate.h */ = {isa = PBXFileReference; lastKnownFileType = sourcecode.c.h; path = VuforiaSamplesAppDelegate.h; sourceTree = "<group>"; };
		D21B07EE1A1B4AA20041ECF3 /* VuforiaSamplesAppDelegate.m */ = {isa = PBXFileReference; lastKnownFileType = sourcecode.c.objc; path = VuforiaSamplesAppDelegate.m; sourceTree = "<group>"; };
		D21B07F61A1B4AA20041ECF3 /* Images.xcassets */ = {isa = PBXFileReference; lastKnownFileType = folder.assetcatalog; path = Images.xcassets; sourceTree = "<group>"; };
		D21B08291A1B50E20041ECF3 /* ARChess-Info.plist */ = {isa = PBXFileReference; fileEncoding = 4; lastKnownFileType = text.plist.xml; path = "ARChess-Info.plist"; sourceTree = "<group>"; };
		D21B08691A1B6AD60041ECF3 /* AVFoundation.framework */ = {isa = PBXFileReference; lastKnownFileType = wrapper.framework; name = AVFoundation.framework; path = System/Library/Frameworks/AVFoundation.framework; sourceTree = SDKROOT; };
		D21B086A1A1B6AD60041ECF3 /* CoreFoundation.framework */ = {isa = PBXFileReference; lastKnownFileType = wrapper.framework; name = CoreFoundation.framework; path = System/Library/Frameworks/CoreFoundation.framework; sourceTree = SDKROOT; };
		D21B086B1A1B6AD60041ECF3 /* CoreGraphics.framework */ = {isa = PBXFileReference; lastKnownFileType = wrapper.framework; name = CoreGraphics.framework; path = System/Library/Frameworks/CoreGraphics.framework; sourceTree = SDKROOT; };
		D21B086C1A1B6AD60041ECF3 /* OpenGLES.framework */ = {isa = PBXFileReference; lastKnownFileType = wrapper.framework; name = OpenGLES.framework; path = System/Library/Frameworks/OpenGLES.framework; sourceTree = SDKROOT; };
		D21B086D1A1B6AD60041ECF3 /* QuartzCore.framework */ = {isa = PBXFileReference; lastKnownFileType = wrapper.framework; name = QuartzCore.framework; path = System/Library/Frameworks/QuartzCore.framework; sourceTree = SDKROOT; };
		D21B086E1A1B6AD60041ECF3 /* Security.framework */ = {isa = PBXFileReference; lastKnownFileType = wrapper.framework; name = Security.framework; path = System/Library/Frameworks/Security.framework; sourceTree = SDKROOT; };
		D21B086F1A1B6AD60041ECF3 /* SystemConfiguration.framework */ = {isa = PBXFileReference; lastKnownFileType = wrapper.framework; name = SystemConfiguration.framework; path = System/Library/Frameworks/SystemConfiguration.framework; sourceTree = SDKROOT; };
		D21B08701A1B6AD60041ECF3 /* UIKit.framework */ = {isa = PBXFileReference; lastKnownFileType = wrapper.framework; name = UIKit.framework; path = System/Library/Frameworks/UIKit.framework; sourceTree = SDKROOT; };
		D21B08791A1B6AEA0041ECF3 /* libVuforia.a */ = {isa = PBXFileReference; lastKnownFileType = archive.ar; name = libVuforia.a; path = ../../build/lib/arm/libVuforia.a; sourceTree = "<group>"; };
		D21B087C1A1B6E1E0041ECF3 /* CoreMotion.framework */ = {isa = PBXFileReference; lastKnownFileType = wrapper.framework; name = CoreMotion.framework; path = System/Library/Frameworks/CoreMotion.framework; sourceTree = SDKROOT; };
		D21B087D1A1B6E1E0041ECF3 /* Foundation.framework */ = {isa = PBXFileReference; lastKnownFileType = wrapper.framework; name = Foundation.framework; path = System/Library/Frameworks/Foundation.framework; sourceTree = SDKROOT; };
		D21B08801A1B71190041ECF3 /* CoreMedia.framework */ = {isa = PBXFileReference; lastKnownFileType = wrapper.framework; name = CoreMedia.framework; path = System/Library/Frameworks/CoreMedia.framework; sourceTree = SDKROOT; };
		D28C51231A8B5B8C000B6C9A /* MediaPlayer.framework */ = {isa = PBXFileReference; lastKnownFileType = wrapper.framework; name = MediaPlayer.framework; path = System/Library/Frameworks/MediaPlayer.framework; sourceTree = SDKROOT; };
		D28C51251A8B5BC9000B6C9A /* AudioToolbox.framework */ = {isa = PBXFileReference; lastKnownFileType = wrapper.framework; name = AudioToolbox.framework; path = System/Library/Frameworks/AudioToolbox.framework; sourceTree = SDKROOT; };
		EF6862CF1DCFE335003F5488 /* ARTouchableView.h */ = {isa = PBXFileReference; fileEncoding = 4; lastKnownFileType = sourcecode.c.h; name = ARTouchableView.h; path = Classes/Features/ImageTargets/ARTouchableView.h; sourceTree = "<group>"; };
		EF6862D01DCFE335003F5488 /* ARTouchableView.m */ = {isa = PBXFileReference; fileEncoding = 4; lastKnownFileType = sourcecode.c.objc; name = ARTouchableView.m; path = Classes/Features/ImageTargets/ARTouchableView.m; sourceTree = "<group>"; };
		EF83B5C21DE0CC02002C14AE /* monkey.obj */ = {isa = PBXFileReference; fileEncoding = 4; lastKnownFileType = text; path = monkey.obj; sourceTree = "<group>"; };
		EF83B5C51DE0CC70002C14AE /* modelUtil.mm */ = {isa = PBXFileReference; fileEncoding = 4; lastKnownFileType = sourcecode.cpp.objcpp; path = modelUtil.mm; sourceTree = "<group>"; };
		EF83B5C61DE0CC70002C14AE /* modelUtil.h */ = {isa = PBXFileReference; fileEncoding = 4; lastKnownFileType = sourcecode.c.h; path = modelUtil.h; sourceTree = "<group>"; };
		EF83B5CA1DE0D74F002C14AE /* queen-t.obj */ = {isa = PBXFileReference; fileEncoding = 4; lastKnownFileType = text; path = "queen-t.obj"; sourceTree = "<group>"; };
		EF9808961DDEC1FC0088FE4E /* ARInputHandler.h */ = {isa = PBXFileReference; fileEncoding = 4; lastKnownFileType = sourcecode.c.h; name = ARInputHandler.h; path = Classes/Features/ImageTargets/ARInputHandler.h; sourceTree = "<group>"; };
		EF9808971DDEC1FC0088FE4E /* ARInputHandler.mm */ = {isa = PBXFileReference; fileEncoding = 4; lastKnownFileType = sourcecode.cpp.objcpp; name = ARInputHandler.mm; path = Classes/Features/ImageTargets/ARInputHandler.mm; sourceTree = "<group>"; };
		EF9808991DDEC6F80088FE4E /* Point3D.h */ = {isa = PBXFileReference; fileEncoding = 4; lastKnownFileType = sourcecode.c.h; name = Point3D.h; path = Classes/Features/ImageTargets/Point3D.h; sourceTree = "<group>"; };
		EF98089A1DDEC6F80088FE4E /* Point3D.m */ = {isa = PBXFileReference; fileEncoding = 4; lastKnownFileType = sourcecode.c.objc; name = Point3D.m; path = Classes/Features/ImageTargets/Point3D.m; sourceTree = "<group>"; };
		EF9808AC1DE09DD80088FE4E /* PresentMenuSegue.h */ = {isa = PBXFileReference; fileEncoding = 4; lastKnownFileType = sourcecode.c.h; name = PresentMenuSegue.h; path = Classes/SampleApplication/PresentMenuSegue.h; sourceTree = "<group>"; };
		EF9808AD1DE09DD80088FE4E /* PresentMenuSegue.m */ = {isa = PBXFileReference; fileEncoding = 4; lastKnownFileType = sourcecode.c.objc; name = PresentMenuSegue.m; path = Classes/SampleApplication/PresentMenuSegue.m; sourceTree = "<group>"; };
		EF9808AE1DE09DD80088FE4E /* Quad.h */ = {isa = PBXFileReference; fileEncoding = 4; lastKnownFileType = sourcecode.c.h; name = Quad.h; path = Classes/SampleApplication/Quad.h; sourceTree = "<group>"; };
		EF9808AF1DE09DD80088FE4E /* SampleApplication3DModel.h */ = {isa = PBXFileReference; fileEncoding = 4; lastKnownFileType = sourcecode.c.h; name = SampleApplication3DModel.h; path = Classes/SampleApplication/SampleApplication3DModel.h; sourceTree = "<group>"; };
		EF9808B01DE09DD80088FE4E /* SampleApplication3DModel.m */ = {isa = PBXFileReference; fileEncoding = 4; lastKnownFileType = sourcecode.c.objc; name = SampleApplication3DModel.m; path = Classes/SampleApplication/SampleApplication3DModel.m; sourceTree = "<group>"; };
		EF9808B11DE09DD80088FE4E /* SampleApplicationSession.h */ = {isa = PBXFileReference; fileEncoding = 4; lastKnownFileType = sourcecode.c.h; name = SampleApplicationSession.h; path = Classes/SampleApplication/SampleApplicationSession.h; sourceTree = "<group>"; };
		EF9808B21DE09DD80088FE4E /* SampleApplicationSession.mm */ = {isa = PBXFileReference; fileEncoding = 4; lastKnownFileType = sourcecode.cpp.objcpp; name = SampleApplicationSession.mm; path = Classes/SampleApplication/SampleApplicationSession.mm; sourceTree = "<group>"; };
		EF9808B31DE09DD80088FE4E /* SampleApplicationShaderUtils.h */ = {isa = PBXFileReference; fileEncoding = 4; lastKnownFileType = sourcecode.c.h; name = SampleApplicationShaderUtils.h; path = Classes/SampleApplication/SampleApplicationShaderUtils.h; sourceTree = "<group>"; };
		EF9808B41DE09DD80088FE4E /* SampleApplicationShaderUtils.m */ = {isa = PBXFileReference; fileEncoding = 4; lastKnownFileType = sourcecode.c.objc; name = SampleApplicationShaderUtils.m; path = Classes/SampleApplication/SampleApplicationShaderUtils.m; sourceTree = "<group>"; };
		EF9808B51DE09DD80088FE4E /* SampleApplicationUtils.cpp */ = {isa = PBXFileReference; fileEncoding = 4; lastKnownFileType = sourcecode.cpp.cpp; name = SampleApplicationUtils.cpp; path = Classes/SampleApplication/SampleApplicationUtils.cpp; sourceTree = "<group>"; };
		EF9808B61DE09DD80088FE4E /* SampleApplicationUtils.h */ = {isa = PBXFileReference; fileEncoding = 4; lastKnownFileType = sourcecode.c.h; name = SampleApplicationUtils.h; path = Classes/SampleApplication/SampleApplicationUtils.h; sourceTree = "<group>"; };
		EF9808B71DE09DD80088FE4E /* SampleAppMenuViewController.h */ = {isa = PBXFileReference; fileEncoding = 4; lastKnownFileType = sourcecode.c.h; name = SampleAppMenuViewController.h; path = Classes/SampleApplication/SampleAppMenuViewController.h; sourceTree = "<group>"; };
		EF9808B81DE09DD80088FE4E /* SampleAppMenuViewController.mm */ = {isa = PBXFileReference; fileEncoding = 4; lastKnownFileType = sourcecode.cpp.objcpp; name = SampleAppMenuViewController.mm; path = Classes/SampleApplication/SampleAppMenuViewController.mm; sourceTree = "<group>"; };
		EF9808B91DE09DD80088FE4E /* SampleGLResourceHandler.h */ = {isa = PBXFileReference; fileEncoding = 4; lastKnownFileType = sourcecode.c.h; name = SampleGLResourceHandler.h; path = Classes/SampleApplication/SampleGLResourceHandler.h; sourceTree = "<group>"; };
		EF9808BA1DE09DD80088FE4E /* Teapot.h */ = {isa = PBXFileReference; fileEncoding = 4; lastKnownFileType = sourcecode.c.h; name = Teapot.h; path = Classes/SampleApplication/Teapot.h; sourceTree = "<group>"; };
		EF9808BB1DE09DD80088FE4E /* Texture.h */ = {isa = PBXFileReference; fileEncoding = 4; lastKnownFileType = sourcecode.c.h; name = Texture.h; path = Classes/SampleApplication/Texture.h; sourceTree = "<group>"; };
		EF9808BC1DE09DD80088FE4E /* Texture.mm */ = {isa = PBXFileReference; fileEncoding = 4; lastKnownFileType = sourcecode.cpp.objcpp; name = Texture.mm; path = Classes/SampleApplication/Texture.mm; sourceTree = "<group>"; };
		EF9808BD1DE09DD80088FE4E /* UnwindMenuSegue.h */ = {isa = PBXFileReference; fileEncoding = 4; lastKnownFileType = sourcecode.c.h; name = UnwindMenuSegue.h; path = Classes/SampleApplication/UnwindMenuSegue.h; sourceTree = "<group>"; };
		EF9808BE1DE09DD80088FE4E /* UnwindMenuSegue.m */ = {isa = PBXFileReference; fileEncoding = 4; lastKnownFileType = sourcecode.c.objc; name = UnwindMenuSegue.m; path = Classes/SampleApplication/UnwindMenuSegue.m; sourceTree = "<group>"; };
		EF9808C71DE09DE30088FE4E /* Background.fragsh */ = {isa = PBXFileReference; fileEncoding = 4; lastKnownFileType = text; name = Background.fragsh; path = Classes/SampleApplication/shaders/Background.fragsh; sourceTree = "<group>"; };
		EF9808C81DE09DE30088FE4E /* Background.vertsh */ = {isa = PBXFileReference; fileEncoding = 4; lastKnownFileType = text; name = Background.vertsh; path = Classes/SampleApplication/shaders/Background.vertsh; sourceTree = "<group>"; };
		EF9808C91DE09DE30088FE4E /* Line.fragsh */ = {isa = PBXFileReference; fileEncoding = 4; lastKnownFileType = text; name = Line.fragsh; path = Classes/SampleApplication/shaders/Line.fragsh; sourceTree = "<group>"; };
		EF9808CA1DE09DE30088FE4E /* Line.vertsh */ = {isa = PBXFileReference; fileEncoding = 4; lastKnownFileType = text; name = Line.vertsh; path = Classes/SampleApplication/shaders/Line.vertsh; sourceTree = "<group>"; };
		EF9808CB1DE09DE30088FE4E /* Simple.fragsh */ = {isa = PBXFileReference; fileEncoding = 4; lastKnownFileType = text; name = Simple.fragsh; path = Classes/SampleApplication/shaders/Simple.fragsh; sourceTree = "<group>"; };
		EF9808CC1DE09DE30088FE4E /* Simple.vertsh */ = {isa = PBXFileReference; fileEncoding = 4; lastKnownFileType = text; name = Simple.vertsh; path = Classes/SampleApplication/shaders/Simple.vertsh; sourceTree = "<group>"; };
		EF9808CD1DE09DE30088FE4E /* SimpleWithColor.fragsh */ = {isa = PBXFileReference; fileEncoding = 4; lastKnownFileType = text; name = SimpleWithColor.fragsh; path = Classes/SampleApplication/shaders/SimpleWithColor.fragsh; sourceTree = "<group>"; };
		FB7A42E71A8E376B0068CF5E /* building_texture.jpeg */ = {isa = PBXFileReference; lastKnownFileType = image.jpeg; name = building_texture.jpeg; path = Resources/Assets/building_texture.jpeg; sourceTree = "<group>"; };
		FB7A42E81A8E376B0068CF5E /* buildings.txt */ = {isa = PBXFileReference; fileEncoding = 4; lastKnownFileType = text; name = buildings.txt; path = Resources/Assets/buildings.txt; sourceTree = "<group>"; };
		FB7A42F81A8E376B0068CF5E /* IT_about.html */ = {isa = PBXFileReference; fileEncoding = 4; lastKnownFileType = text.html; path = IT_about.html; sourceTree = "<group>"; };
		FB7A42F91A8E376B0068CF5E /* StonesAndChips.dat */ = {isa = PBXFileReference; lastKnownFileType = file; path = StonesAndChips.dat; sourceTree = "<group>"; };
		FB7A42FA1A8E376B0068CF5E /* StonesAndChips.xml */ = {isa = PBXFileReference; fileEncoding = 4; lastKnownFileType = text.xml; path = StonesAndChips.xml; sourceTree = "<group>"; };
		FB7A42FB1A8E376B0068CF5E /* Tarmac.dat */ = {isa = PBXFileReference; lastKnownFileType = file; path = Tarmac.dat; sourceTree = "<group>"; };
		FB7A42FC1A8E376B0068CF5E /* Tarmac.xml */ = {isa = PBXFileReference; fileEncoding = 4; lastKnownFileType = text.xml; path = Tarmac.xml; sourceTree = "<group>"; };
		FB7A43091A8E376B0068CF5E /* TextureTeapotBlue.png */ = {isa = PBXFileReference; lastKnownFileType = image.png; name = TextureTeapotBlue.png; path = Resources/Assets/TextureTeapotBlue.png; sourceTree = "<group>"; };
		FB7A430A1A8E376B0068CF5E /* TextureTeapotBrass.png */ = {isa = PBXFileReference; lastKnownFileType = image.png; name = TextureTeapotBrass.png; path = Resources/Assets/TextureTeapotBrass.png; sourceTree = "<group>"; };
		FB7A430B1A8E376B0068CF5E /* TextureTeapotGreen.png */ = {isa = PBXFileReference; lastKnownFileType = image.png; name = TextureTeapotGreen.png; path = Resources/Assets/TextureTeapotGreen.png; sourceTree = "<group>"; };
		FB7A430C1A8E376B0068CF5E /* TextureTeapotRed.png */ = {isa = PBXFileReference; lastKnownFileType = image.png; name = TextureTeapotRed.png; path = Resources/Assets/TextureTeapotRed.png; sourceTree = "<group>"; };
		FB7A430D1A8E376B0068CF5E /* TextureTeapotYellow.png */ = {isa = PBXFileReference; lastKnownFileType = image.png; name = TextureTeapotYellow.png; path = Resources/Assets/TextureTeapotYellow.png; sourceTree = "<group>"; };
		FB7A434C1A8E38AB0068CF5E /* ImageTargetsEAGLView.h */ = {isa = PBXFileReference; fileEncoding = 4; lastKnownFileType = sourcecode.c.h; name = ImageTargetsEAGLView.h; path = Classes/Features/ImageTargets/ImageTargetsEAGLView.h; sourceTree = "<group>"; };
		FB7A434D1A8E38AB0068CF5E /* ImageTargetsEAGLView.mm */ = {isa = PBXFileReference; fileEncoding = 4; lastKnownFileType = sourcecode.cpp.objcpp; name = ImageTargetsEAGLView.mm; path = Classes/Features/ImageTargets/ImageTargetsEAGLView.mm; sourceTree = "<group>"; };
		FB7A434E1A8E38AB0068CF5E /* ImageTargetsViewController.h */ = {isa = PBXFileReference; fileEncoding = 4; lastKnownFileType = sourcecode.c.h; name = ImageTargetsViewController.h; path = Classes/Features/ImageTargets/ImageTargetsViewController.h; sourceTree = "<group>"; };
		FB7A434F1A8E38AB0068CF5E /* ImageTargetsViewController.mm */ = {isa = PBXFileReference; fileEncoding = 4; lastKnownFileType = sourcecode.cpp.objcpp; name = ImageTargetsViewController.mm; path = Classes/Features/ImageTargets/ImageTargetsViewController.mm; sourceTree = "<group>"; };
		FB7A43521A8E41840068CF5E /* IT.png */ = {isa = PBXFileReference; lastKnownFileType = image.png; path = IT.png; sourceTree = "<group>"; };
		FBEFAEC71A8283F8002B4D62 /* en */ = {isa = PBXFileReference; lastKnownFileType = file.storyboard; name = en; path = en.lproj/Main.storyboard; sourceTree = "<group>"; };
/* End PBXFileReference section */

/* Begin PBXFrameworksBuildPhase section */
		D21B07E31A1B4AA20041ECF3 /* Frameworks */ = {
			isa = PBXFrameworksBuildPhase;
			buildActionMask = 2147483647;
			files = (
				EF9808951DDE0B680088FE4E /* libVuforia.a in Frameworks */,
				D28C51261A8B5BC9000B6C9A /* AudioToolbox.framework in Frameworks */,
				D21B08711A1B6AD60041ECF3 /* AVFoundation.framework in Frameworks */,
				D21B08811A1B71190041ECF3 /* CoreMedia.framework in Frameworks */,
				D21B087E1A1B6E1E0041ECF3 /* CoreMotion.framework in Frameworks */,
				D21B08721A1B6AD60041ECF3 /* CoreFoundation.framework in Frameworks */,
				D21B08731A1B6AD60041ECF3 /* CoreGraphics.framework in Frameworks */,
				D21B087F1A1B6E1E0041ECF3 /* Foundation.framework in Frameworks */,
				D28C51241A8B5B8C000B6C9A /* MediaPlayer.framework in Frameworks */,
				D21B08741A1B6AD60041ECF3 /* OpenGLES.framework in Frameworks */,
				D21B08751A1B6AD60041ECF3 /* QuartzCore.framework in Frameworks */,
				D21B08761A1B6AD60041ECF3 /* Security.framework in Frameworks */,
				D21B08771A1B6AD60041ECF3 /* SystemConfiguration.framework in Frameworks */,
				D21B08781A1B6AD60041ECF3 /* UIKit.framework in Frameworks */,
			);
			runOnlyForDeploymentPostprocessing = 0;
		};
/* End PBXFrameworksBuildPhase section */

/* Begin PBXGroup section */
		D21B07DD1A1B4AA10041ECF3 = {
			isa = PBXGroup;
			children = (
				D21B087B1A1B6C710041ECF3 /* Frameworks */,
				D21B07E81A1B4AA20041ECF3 /* VuforiaSamples */,
				D21B07E71A1B4AA20041ECF3 /* Products */,
			);
			sourceTree = "<group>";
		};
		D21B07E71A1B4AA20041ECF3 /* Products */ = {
			isa = PBXGroup;
			children = (
				D21B07E61A1B4AA20041ECF3 /* Vuforia.app */,
			);
			name = Products;
			sourceTree = "<group>";
		};
		D21B07E81A1B4AA20041ECF3 /* VuforiaSamples */ = {
			isa = PBXGroup;
			children = (
				D21B08111A1B4C500041ECF3 /* Classes */,
				D21B08151A1B4D2A0041ECF3 /* Resources */,
				D21B07F61A1B4AA20041ECF3 /* Images.xcassets */,
				FBEFAEC61A8283F8002B4D62 /* Main.storyboard */,
				D21B07E91A1B4AA20041ECF3 /* Supporting Files */,
			);
			path = VuforiaSamples;
			sourceTree = "<group>";
		};
		D21B07E91A1B4AA20041ECF3 /* Supporting Files */ = {
			isa = PBXGroup;
			children = (
				18EB634B1ACC70F200EF1C28 /* Localizable.strings */,
				D21B08291A1B50E20041ECF3 /* ARChess-Info.plist */,
				D21B07EB1A1B4AA20041ECF3 /* main.m */,
			);
			name = "Supporting Files";
			sourceTree = "<group>";
		};
		D21B08101A1B4C2F0041ECF3 /* Features */ = {
			isa = PBXGroup;
			children = (
				FB7A42E61A8E32BE0068CF5E /* ImageTargets */,
			);
			name = Features;
			sourceTree = "<group>";
		};
		D21B08111A1B4C500041ECF3 /* Classes */ = {
			isa = PBXGroup;
			children = (
				EF83B5C41DE0CC67002C14AE /* Utilities */,
				EF9808AA1DE09DBD0088FE4E /* SampleApplication */,
				D21B07ED1A1B4AA20041ECF3 /* VuforiaSamplesAppDelegate.h */,
				D21B07EE1A1B4AA20041ECF3 /* VuforiaSamplesAppDelegate.m */,
				D21B08101A1B4C2F0041ECF3 /* Features */,
			);
			name = Classes;
			sourceTree = "<group>";
		};
		D21B08151A1B4D2A0041ECF3 /* Resources */ = {
			isa = PBXGroup;
			children = (
				D21B08161A1B4D320041ECF3 /* Assets */,
			);
			name = Resources;
			sourceTree = "<group>";
		};
		D21B08161A1B4D320041ECF3 /* Assets */ = {
			isa = PBXGroup;
			children = (
				EF83B5CA1DE0D74F002C14AE /* queen-t.obj */,
				EF83B5C21DE0CC02002C14AE /* monkey.obj */,
				FB7A42E71A8E376B0068CF5E /* building_texture.jpeg */,
				FB7A42E81A8E376B0068CF5E /* buildings.txt */,
				FB7A43091A8E376B0068CF5E /* TextureTeapotBlue.png */,
				FB7A430A1A8E376B0068CF5E /* TextureTeapotBrass.png */,
				FB7A430B1A8E376B0068CF5E /* TextureTeapotGreen.png */,
				FB7A430C1A8E376B0068CF5E /* TextureTeapotRed.png */,
				FB7A430D1A8E376B0068CF5E /* TextureTeapotYellow.png */,
				FB7A42F71A8E376B0068CF5E /* ImageTargets */,
			);
			name = Assets;
			sourceTree = "<group>";
		};
		D21B087B1A1B6C710041ECF3 /* Frameworks */ = {
			isa = PBXGroup;
			children = (
				D28C51251A8B5BC9000B6C9A /* AudioToolbox.framework */,
				D28C51231A8B5B8C000B6C9A /* MediaPlayer.framework */,
				D21B08801A1B71190041ECF3 /* CoreMedia.framework */,
				D21B087C1A1B6E1E0041ECF3 /* CoreMotion.framework */,
				D21B087D1A1B6E1E0041ECF3 /* Foundation.framework */,
				D21B08791A1B6AEA0041ECF3 /* libVuforia.a */,
				D21B08691A1B6AD60041ECF3 /* AVFoundation.framework */,
				D21B086A1A1B6AD60041ECF3 /* CoreFoundation.framework */,
				D21B086B1A1B6AD60041ECF3 /* CoreGraphics.framework */,
				D21B086C1A1B6AD60041ECF3 /* OpenGLES.framework */,
				D21B086D1A1B6AD60041ECF3 /* QuartzCore.framework */,
				D21B086E1A1B6AD60041ECF3 /* Security.framework */,
				D21B086F1A1B6AD60041ECF3 /* SystemConfiguration.framework */,
				D21B08701A1B6AD60041ECF3 /* UIKit.framework */,
			);
			name = Frameworks;
			sourceTree = "<group>";
		};
		EF83B5C41DE0CC67002C14AE /* Utilities */ = {
			isa = PBXGroup;
			children = (
				EF83B5C51DE0CC70002C14AE /* modelUtil.mm */,
				EF83B5C61DE0CC70002C14AE /* modelUtil.h */,
			);
			name = Utilities;
			sourceTree = "<group>";
		};
		EF9808AA1DE09DBD0088FE4E /* SampleApplication */ = {
			isa = PBXGroup;
			children = (
				EF9808AC1DE09DD80088FE4E /* PresentMenuSegue.h */,
				EF9808AD1DE09DD80088FE4E /* PresentMenuSegue.m */,
				EF9808AE1DE09DD80088FE4E /* Quad.h */,
				EF9808AF1DE09DD80088FE4E /* SampleApplication3DModel.h */,
				EF9808B01DE09DD80088FE4E /* SampleApplication3DModel.m */,
				EF9808B11DE09DD80088FE4E /* SampleApplicationSession.h */,
				EF9808B21DE09DD80088FE4E /* SampleApplicationSession.mm */,
				EF9808B31DE09DD80088FE4E /* SampleApplicationShaderUtils.h */,
				EF9808B41DE09DD80088FE4E /* SampleApplicationShaderUtils.m */,
				EF9808B51DE09DD80088FE4E /* SampleApplicationUtils.cpp */,
				EF9808B61DE09DD80088FE4E /* SampleApplicationUtils.h */,
				EF9808B71DE09DD80088FE4E /* SampleAppMenuViewController.h */,
				EF9808B81DE09DD80088FE4E /* SampleAppMenuViewController.mm */,
				EF9808B91DE09DD80088FE4E /* SampleGLResourceHandler.h */,
				EF9808BA1DE09DD80088FE4E /* Teapot.h */,
				EF9808BB1DE09DD80088FE4E /* Texture.h */,
				EF9808BC1DE09DD80088FE4E /* Texture.mm */,
				EF9808BD1DE09DD80088FE4E /* UnwindMenuSegue.h */,
				EF9808BE1DE09DD80088FE4E /* UnwindMenuSegue.m */,
				EF9808AB1DE09DCB0088FE4E /* shaders */,
			);
			name = SampleApplication;
			sourceTree = "<group>";
		};
		EF9808AB1DE09DCB0088FE4E /* shaders */ = {
			isa = PBXGroup;
			children = (
				EF9808C71DE09DE30088FE4E /* Background.fragsh */,
				EF9808C81DE09DE30088FE4E /* Background.vertsh */,
				EF9808C91DE09DE30088FE4E /* Line.fragsh */,
				EF9808CA1DE09DE30088FE4E /* Line.vertsh */,
				EF9808CB1DE09DE30088FE4E /* Simple.fragsh */,
				EF9808CC1DE09DE30088FE4E /* Simple.vertsh */,
				EF9808CD1DE09DE30088FE4E /* SimpleWithColor.fragsh */,
			);
			name = shaders;
			sourceTree = "<group>";
		};
		FB7A42E61A8E32BE0068CF5E /* ImageTargets */ = {
			isa = PBXGroup;
			children = (
				FB7A434C1A8E38AB0068CF5E /* ImageTargetsEAGLView.h */,
				FB7A434D1A8E38AB0068CF5E /* ImageTargetsEAGLView.mm */,
				FB7A434E1A8E38AB0068CF5E /* ImageTargetsViewController.h */,
				FB7A434F1A8E38AB0068CF5E /* ImageTargetsViewController.mm */,
				8F467BCB1D18AC3F00682E4C /* SampleAppRenderer.h */,
				8F467BCC1D18AC3F00682E4C /* SampleAppRenderer.mm */,
				EF6862CF1DCFE335003F5488 /* ARTouchableView.h */,
				EF6862D01DCFE335003F5488 /* ARTouchableView.m */,
				EF9808961DDEC1FC0088FE4E /* ARInputHandler.h */,
				EF9808971DDEC1FC0088FE4E /* ARInputHandler.mm */,
				EF9808991DDEC6F80088FE4E /* Point3D.h */,
				EF98089A1DDEC6F80088FE4E /* Point3D.m */,
			);
			name = ImageTargets;
			sourceTree = "<group>";
		};
		FB7A42F71A8E376B0068CF5E /* ImageTargets */ = {
			isa = PBXGroup;
			children = (
				FB7A43521A8E41840068CF5E /* IT.png */,
				FB7A42F81A8E376B0068CF5E /* IT_about.html */,
				FB7A42F91A8E376B0068CF5E /* StonesAndChips.dat */,
				FB7A42FA1A8E376B0068CF5E /* StonesAndChips.xml */,
				FB7A42FB1A8E376B0068CF5E /* Tarmac.dat */,
				FB7A42FC1A8E376B0068CF5E /* Tarmac.xml */,
			);
			name = ImageTargets;
			path = Resources/Assets/ImageTargets;
			sourceTree = "<group>";
		};
/* End PBXGroup section */

/* Begin PBXNativeTarget section */
		D21B07E51A1B4AA20041ECF3 /* MRBoardGames */ = {
			isa = PBXNativeTarget;
			buildConfigurationList = D21B08091A1B4AA20041ECF3 /* Build configuration list for PBXNativeTarget "MRBoardGames" */;
			buildPhases = (
				D21B07E21A1B4AA20041ECF3 /* Sources */,
				D21B07E31A1B4AA20041ECF3 /* Frameworks */,
				D21B07E41A1B4AA20041ECF3 /* Resources */,
			);
			buildRules = (
			);
			dependencies = (
			);
			name = MRBoardGames;
			productName = VuforiaSamples;
			productReference = D21B07E61A1B4AA20041ECF3 /* Vuforia.app */;
			productType = "com.apple.product-type.application";
		};
/* End PBXNativeTarget section */

/* Begin PBXProject section */
		D21B07DE1A1B4AA10041ECF3 /* Project object */ = {
			isa = PBXProject;
			attributes = {
				LastUpgradeCheck = 0800;
				ORGANIZATIONNAME = Qualcomm;
				TargetAttributes = {
					D21B07E51A1B4AA20041ECF3 = {
						CreatedOnToolsVersion = 6.1;
						DevelopmentTeam = QE4Q39QVNE;
					};
				};
			};
			buildConfigurationList = D21B07E11A1B4AA10041ECF3 /* Build configuration list for PBXProject "MRBoardGames" */;
			compatibilityVersion = "Xcode 3.2";
			developmentRegion = English;
			hasScannedForEncodings = 0;
			knownRegions = (
				en,
				Base,
			);
			mainGroup = D21B07DD1A1B4AA10041ECF3;
			productRefGroup = D21B07E71A1B4AA20041ECF3 /* Products */;
			projectDirPath = "";
			projectRoot = "";
			targets = (
				D21B07E51A1B4AA20041ECF3 /* MRBoardGames */,
			);
		};
/* End PBXProject section */

/* Begin PBXResourcesBuildPhase section */
		D21B07E41A1B4AA20041ECF3 /* Resources */ = {
			isa = PBXResourcesBuildPhase;
			buildActionMask = 2147483647;
			files = (
				FB7A43391A8E376B0068CF5E /* TextureTeapotBlue.png in Resources */,
				FBEFAEC81A8283F8002B4D62 /* Main.storyboard in Resources */,
				EF83B5C31DE0CC02002C14AE /* monkey.obj in Resources */,
				FB7A432B1A8E376B0068CF5E /* IT_about.html in Resources */,
				18EB634C1ACC70F200EF1C28 /* Localizable.strings in Resources */,
				FB7A433C1A8E376B0068CF5E /* TextureTeapotRed.png in Resources */,
				EF9808CF1DE09DE30088FE4E /* Background.vertsh in Resources */,
				FB7A43531A8E41840068CF5E /* IT.png in Resources */,
				EF9808CE1DE09DE30088FE4E /* Background.fragsh in Resources */,
				EF9808D21DE09DE30088FE4E /* Simple.fragsh in Resources */,
				EF9808D01DE09DE30088FE4E /* Line.fragsh in Resources */,
				FB7A433B1A8E376B0068CF5E /* TextureTeapotGreen.png in Resources */,
				FB7A432D1A8E376B0068CF5E /* StonesAndChips.xml in Resources */,
				FB7A432E1A8E376B0068CF5E /* Tarmac.dat in Resources */,
				FB7A431E1A8E376B0068CF5E /* building_texture.jpeg in Resources */,
				FB7A433A1A8E376B0068CF5E /* TextureTeapotBrass.png in Resources */,
				FB7A433D1A8E376B0068CF5E /* TextureTeapotYellow.png in Resources */,
				FB7A431F1A8E376B0068CF5E /* buildings.txt in Resources */,
				EF9808D31DE09DE30088FE4E /* Simple.vertsh in Resources */,
				D21B07F71A1B4AA20041ECF3 /* Images.xcassets in Resources */,
				EF9808D41DE09DE30088FE4E /* SimpleWithColor.fragsh in Resources */,
				FB7A432C1A8E376B0068CF5E /* StonesAndChips.dat in Resources */,
				EF9808D11DE09DE30088FE4E /* Line.vertsh in Resources */,
				FB7A432F1A8E376B0068CF5E /* Tarmac.xml in Resources */,
				EF83B5CB1DE0D74F002C14AE /* queen-t.obj in Resources */,
			);
			runOnlyForDeploymentPostprocessing = 0;
		};
/* End PBXResourcesBuildPhase section */

/* Begin PBXSourcesBuildPhase section */
		D21B07E21A1B4AA20041ECF3 /* Sources */ = {
			isa = PBXSourcesBuildPhase;
			buildActionMask = 2147483647;
			files = (
				8F467BCD1D18AC3F00682E4C /* SampleAppRenderer.mm in Sources */,
				EF9808C01DE09DD80088FE4E /* SampleApplication3DModel.m in Sources */,
				EF6862D11DCFE336003F5488 /* ARTouchableView.m in Sources */,
				EF9808C11DE09DD80088FE4E /* SampleApplicationSession.mm in Sources */,
				D21B07EF1A1B4AA20041ECF3 /* VuforiaSamplesAppDelegate.m in Sources */,
				EF98089B1DDEC6F80088FE4E /* Point3D.m in Sources */,
				FB7A43501A8E38AB0068CF5E /* ImageTargetsEAGLView.mm in Sources */,
				EF9808C21DE09DD80088FE4E /* SampleApplicationShaderUtils.m in Sources */,
				EF9808981DDEC1FC0088FE4E /* ARInputHandler.mm in Sources */,
				D21B07EC1A1B4AA20041ECF3 /* main.m in Sources */,
				EF9808C31DE09DD80088FE4E /* SampleApplicationUtils.cpp in Sources */,
				EF9808C51DE09DD80088FE4E /* Texture.mm in Sources */,
				EF9808C41DE09DD80088FE4E /* SampleAppMenuViewController.mm in Sources */,
				FB7A43511A8E38AB0068CF5E /* ImageTargetsViewController.mm in Sources */,
				EF9808BF1DE09DD80088FE4E /* PresentMenuSegue.m in Sources */,
				EF9808C61DE09DD80088FE4E /* UnwindMenuSegue.m in Sources */,
				EF83B5C71DE0CC70002C14AE /* modelUtil.mm in Sources */,
			);
			runOnlyForDeploymentPostprocessing = 0;
		};
/* End PBXSourcesBuildPhase section */

/* Begin PBXVariantGroup section */
		FBEFAEC61A8283F8002B4D62 /* Main.storyboard */ = {
			isa = PBXVariantGroup;
			children = (
				FBEFAEC71A8283F8002B4D62 /* en */,
			);
			name = Main.storyboard;
			sourceTree = "<group>";
		};
/* End PBXVariantGroup section */

/* Begin XCBuildConfiguration section */
		D21B08071A1B4AA20041ECF3 /* Debug */ = {
			isa = XCBuildConfiguration;
			buildSettings = {
				ALWAYS_SEARCH_USER_PATHS = NO;
				CLANG_CXX_LANGUAGE_STANDARD = "gnu++0x";
				CLANG_CXX_LIBRARY = "libc++";
				CLANG_ENABLE_MODULES = YES;
				CLANG_ENABLE_OBJC_ARC = YES;
				CLANG_WARN_BOOL_CONVERSION = YES;
				CLANG_WARN_CONSTANT_CONVERSION = YES;
				CLANG_WARN_DIRECT_OBJC_ISA_USAGE = YES_ERROR;
				CLANG_WARN_EMPTY_BODY = YES;
				CLANG_WARN_ENUM_CONVERSION = YES;
				CLANG_WARN_INFINITE_RECURSION = YES;
				CLANG_WARN_INT_CONVERSION = YES;
				CLANG_WARN_OBJC_ROOT_CLASS = YES_ERROR;
				CLANG_WARN_SUSPICIOUS_MOVE = YES;
				CLANG_WARN_UNREACHABLE_CODE = YES;
				CLANG_WARN__DUPLICATE_METHOD_MATCH = YES;
				CODE_SIGN_IDENTITY = "iPhone Developer";
				COPY_PHASE_STRIP = NO;
				ENABLE_BITCODE = NO;
				ENABLE_STRICT_OBJC_MSGSEND = YES;
				ENABLE_TESTABILITY = YES;
				GCC_C_LANGUAGE_STANDARD = gnu99;
				GCC_DYNAMIC_NO_PIC = NO;
				GCC_NO_COMMON_BLOCKS = YES;
				GCC_OPTIMIZATION_LEVEL = 0;
				GCC_PREPROCESSOR_DEFINITIONS = (
					"DEBUG=1",
					"$(inherited)",
				);
				GCC_SYMBOLS_PRIVATE_EXTERN = NO;
				GCC_WARN_64_TO_32_BIT_CONVERSION = YES;
				GCC_WARN_ABOUT_RETURN_TYPE = YES_ERROR;
				GCC_WARN_UNDECLARED_SELECTOR = YES;
				GCC_WARN_UNINITIALIZED_AUTOS = YES_AGGRESSIVE;
				GCC_WARN_UNUSED_FUNCTION = YES;
				GCC_WARN_UNUSED_VARIABLE = YES;
				IPHONEOS_DEPLOYMENT_TARGET = 8.0;
				MTL_ENABLE_DEBUG_INFO = YES;
				ONLY_ACTIVE_ARCH = YES;
				SDKROOT = iphoneos;
				TARGETED_DEVICE_FAMILY = "1,2";
			};
			name = Debug;
		};
		D21B08081A1B4AA20041ECF3 /* Release */ = {
			isa = XCBuildConfiguration;
			buildSettings = {
				ALWAYS_SEARCH_USER_PATHS = NO;
				CLANG_CXX_LANGUAGE_STANDARD = "gnu++0x";
				CLANG_CXX_LIBRARY = "libc++";
				CLANG_ENABLE_MODULES = YES;
				CLANG_ENABLE_OBJC_ARC = YES;
				CLANG_WARN_BOOL_CONVERSION = YES;
				CLANG_WARN_CONSTANT_CONVERSION = YES;
				CLANG_WARN_DIRECT_OBJC_ISA_USAGE = YES_ERROR;
				CLANG_WARN_EMPTY_BODY = YES;
				CLANG_WARN_ENUM_CONVERSION = YES;
				CLANG_WARN_INFINITE_RECURSION = YES;
				CLANG_WARN_INT_CONVERSION = YES;
				CLANG_WARN_OBJC_ROOT_CLASS = YES_ERROR;
				CLANG_WARN_SUSPICIOUS_MOVE = YES;
				CLANG_WARN_UNREACHABLE_CODE = YES;
				CLANG_WARN__DUPLICATE_METHOD_MATCH = YES;
				CODE_SIGN_IDENTITY = "iPhone Developer";
				COPY_PHASE_STRIP = YES;
				ENABLE_BITCODE = NO;
				ENABLE_NS_ASSERTIONS = NO;
				ENABLE_STRICT_OBJC_MSGSEND = YES;
				GCC_C_LANGUAGE_STANDARD = gnu99;
				GCC_NO_COMMON_BLOCKS = YES;
				GCC_WARN_64_TO_32_BIT_CONVERSION = YES;
				GCC_WARN_ABOUT_RETURN_TYPE = YES_ERROR;
				GCC_WARN_UNDECLARED_SELECTOR = YES;
				GCC_WARN_UNINITIALIZED_AUTOS = YES_AGGRESSIVE;
				GCC_WARN_UNUSED_FUNCTION = YES;
				GCC_WARN_UNUSED_VARIABLE = YES;
				IPHONEOS_DEPLOYMENT_TARGET = 8.0;
				MTL_ENABLE_DEBUG_INFO = NO;
				SDKROOT = iphoneos;
				TARGETED_DEVICE_FAMILY = "1,2";
				VALIDATE_PRODUCT = YES;
			};
			name = Release;
		};
		D21B080A1A1B4AA20041ECF3 /* Debug */ = {
			isa = XCBuildConfiguration;
			buildSettings = {
				ASSETCATALOG_COMPILER_APPICON_NAME = AppIcon;
				ASSETCATALOG_COMPILER_LAUNCHIMAGE_NAME = LaunchImage;
				CLANG_CXX_LANGUAGE_STANDARD = "c++0x";
				CODE_SIGN_IDENTITY = "iPhone Developer";
				"CODE_SIGN_IDENTITY[sdk=iphoneos*]" = "iPhone Developer";
				DEVELOPMENT_TEAM = QE4Q39QVNE;
				ENABLE_BITCODE = NO;
				HEADER_SEARCH_PATHS = ../../build/include;
				INFOPLIST_FILE = "VuforiaSamples/ARChess-Info.plist";
				IPHONEOS_DEPLOYMENT_TARGET = 8.0;
				LIBRARY_SEARCH_PATHS = ../../build/lib/arm;
				PRODUCT_BUNDLE_IDENTIFIER = com.flaxapps.mrboardgames;
				PRODUCT_NAME = Vuforia;
				PROVISIONING_PROFILE = "";
				TARGETED_DEVICE_FAMILY = "1,2";
				VALID_ARCHS = "armv7 armv7s arm64";
			};
			name = Debug;
		};
		D21B080B1A1B4AA20041ECF3 /* Release */ = {
			isa = XCBuildConfiguration;
			buildSettings = {
				ASSETCATALOG_COMPILER_APPICON_NAME = AppIcon;
				ASSETCATALOG_COMPILER_LAUNCHIMAGE_NAME = LaunchImage;
				CLANG_CXX_LANGUAGE_STANDARD = "c++0x";
				CODE_SIGN_IDENTITY = "iPhone Developer";
				"CODE_SIGN_IDENTITY[sdk=iphoneos*]" = "iPhone Developer";
				CURRENT_PROJECT_VERSION = 21;
				DEVELOPMENT_TEAM = QE4Q39QVNE;
				ENABLE_BITCODE = NO;
				HEADER_SEARCH_PATHS = ../../build/include;
				INFOPLIST_FILE = "VuforiaSamples/ARChess-Info.plist";
				IPHONEOS_DEPLOYMENT_TARGET = 8.0;
				LIBRARY_SEARCH_PATHS = ../../build/lib/arm;
				"LIBRARY_SEARCH_PATHS[arch=*]" = ../../build/lib/arm;
				PRODUCT_BUNDLE_IDENTIFIER = com.flaxapps.mrboardgames;
				PRODUCT_NAME = Vuforia;
				PROVISIONING_PROFILE = "";
				TARGETED_DEVICE_FAMILY = "1,2";
				VALID_ARCHS = "armv7 armv7s arm64";
			};
			name = Release;
		};
/* End XCBuildConfiguration section */

/* Begin XCConfigurationList section */
		D21B07E11A1B4AA10041ECF3 /* Build configuration list for PBXProject "MRBoardGames" */ = {
			isa = XCConfigurationList;
			buildConfigurations = (
				D21B08071A1B4AA20041ECF3 /* Debug */,
				D21B08081A1B4AA20041ECF3 /* Release */,
			);
			defaultConfigurationIsVisible = 0;
			defaultConfigurationName = Release;
		};
		D21B08091A1B4AA20041ECF3 /* Build configuration list for PBXNativeTarget "MRBoardGames" */ = {
			isa = XCConfigurationList;
			buildConfigurations = (
				D21B080A1A1B4AA20041ECF3 /* Debug */,
				D21B080B1A1B4AA20041ECF3 /* Release */,
			);
			defaultConfigurationIsVisible = 0;
			defaultConfigurationName = Release;
		};
/* End XCConfigurationList section */
	};
	rootObject = D21B07DE1A1B4AA10041ECF3 /* Project object */;
}
